<?xml version="1.0" encoding="utf-8"?>
<Project ToolsVersion="4.0" xmlns="http://schemas.microsoft.com/developer/msbuild/2003">
  <ItemGroup>
    <Filter Include="Source Files">
      <UniqueIdentifier>{4FC737F1-C7A5-4376-A066-2A32D752A2FF}</UniqueIdentifier>
      <Extensions>cpp;c;cc;cxx;c++;cppm;ixx;def;odl;idl;hpj;bat;asm;asmx</Extensions>
    </Filter>
    <Filter Include="Header Files">
      <UniqueIdentifier>{93995380-89BD-4b04-88EB-625FBE52EBFB}</UniqueIdentifier>
      <Extensions>h;hh;hpp;hxx;h++;hm;inl;inc;ipp;xsd</Extensions>
    </Filter>
    <Filter Include="Resource Files">
      <UniqueIdentifier>{67DA6AB6-F800-4c08-8B7A-83BB121AAD01}</UniqueIdentifier>
      <Extensions>rc;ico;cur;bmp;dlg;rc2;rct;bin;rgs;gif;jpg;jpeg;jpe;resx;tiff;tif;png;wav;mfcribbon-ms</Extensions>
    </Filter>
    <Filter Include="Source Files\Characters">
      <UniqueIdentifier>{4ea7ce21-06c8-4d69-9c64-82b086e4bbc3}</UniqueIdentifier>
    </Filter>
    <Filter Include="Source Files\Characters\Enemies">
      <UniqueIdentifier>{d31edc17-ffa8-448a-a0c9-a28bce3d3d3e}</UniqueIdentifier>
    </Filter>
    <Filter Include="Source Files\Items">
      <UniqueIdentifier>{1ba0b67b-7a53-4a7f-aad9-ad75f3d7535f}</UniqueIdentifier>
    </Filter>
    <Filter Include="Source Files\Items\Environment">
      <UniqueIdentifier>{1f8ab19b-d1db-4f52-966a-b3aa6c64f7ab}</UniqueIdentifier>
    </Filter>
    <Filter Include="Source Files\Items\Loot">
      <UniqueIdentifier>{1a105024-f9c0-4239-90e8-cb252b08041e}</UniqueIdentifier>
    </Filter>
    <Filter Include="Source Files\Manager Classes">
      <UniqueIdentifier>{7f1e624a-f77f-4626-b2ae-053ef53ad666}</UniqueIdentifier>
    </Filter>
    <Filter Include="Header Files\Characters">
      <UniqueIdentifier>{7be03265-a487-4497-ad9f-cf429f31f0eb}</UniqueIdentifier>
    </Filter>
    <Filter Include="Header Files\Characters\Enemies">
      <UniqueIdentifier>{ac72d2c1-b660-4d41-85bb-163418c120ef}</UniqueIdentifier>
    </Filter>
    <Filter Include="Header Files\Items">
      <UniqueIdentifier>{bd76621b-3da4-44b8-89d5-fdc7ff55d3cf}</UniqueIdentifier>
    </Filter>
    <Filter Include="Header Files\Items\Environment">
      <UniqueIdentifier>{8e86d7b4-97b6-4234-ad00-623c41f4ec4f}</UniqueIdentifier>
    </Filter>
    <Filter Include="Header Files\Items\Loot">
      <UniqueIdentifier>{be37fefd-1d87-4189-ba52-4f8808d65c4d}</UniqueIdentifier>
    </Filter>
    <Filter Include="Header Files\Manager Classes">
      <UniqueIdentifier>{5673188b-f082-42f9-ac64-965b090f5fa2}</UniqueIdentifier>
    </Filter>
    <Filter Include="Header Files\Utilities">
      <UniqueIdentifier>{60dbd218-ac20-4f93-b932-42f66d7f0114}</UniqueIdentifier>
    </Filter>
  </ItemGroup>
  <ItemGroup>
    <ClCompile Include="main.cpp">
      <Filter>Source Files</Filter>
    </ClCompile>
    <ClCompile Include="PCH.cpp">
      <Filter>Source Files</Filter>
    </ClCompile>
    <ClCompile Include="Game.cpp">
      <Filter>Source Files</Filter>
    </ClCompile>
    <ClCompile Include="Input.cpp">
      <Filter>Source Files</Filter>
    </ClCompile>
    <ClCompile Include="Level.cpp">
      <Filter>Source Files</Filter>
    </ClCompile>
    <ClCompile Include="Object.cpp">
      <Filter>Source Files</Filter>
    </ClCompile>
    <ClCompile Include="Entity.cpp">
      <Filter>Source Files\Characters</Filter>
    </ClCompile>
    <ClCompile Include="Player.cpp">
      <Filter>Source Files\Characters</Filter>
    </ClCompile>
    <ClCompile Include="Enemy.cpp">
      <Filter>Source Files\Characters\Enemies</Filter>
    </ClCompile>
    <ClCompile Include="Humanoid.cpp">
      <Filter>Source Files\Characters\Enemies</Filter>
    </ClCompile>
    <ClCompile Include="Slime.cpp">
      <Filter>Source Files\Characters\Enemies</Filter>
    </ClCompile>
    <ClCompile Include="Torch.cpp">
      <Filter>Source Files\Items\Environment</Filter>
    </ClCompile>
    <ClCompile Include="Gem.cpp">
      <Filter>Source Files\Items\Loot</Filter>
    </ClCompile>
    <ClCompile Include="Gold.cpp">
      <Filter>Source Files\Items\Loot</Filter>
    </ClCompile>
    <ClCompile Include="Heart.cpp">
      <Filter>Source Files\Items\Loot</Filter>
    </ClCompile>
    <ClCompile Include="Key.cpp">
      <Filter>Source Files\Items\Loot</Filter>
    </ClCompile>
    <ClCompile Include="Potion.cpp">
      <Filter>Source Files\Items\Loot</Filter>
    </ClCompile>
    <ClCompile Include="SoundBufferManager.cpp">
      <Filter>Source Files\Manager Classes</Filter>
    </ClCompile>
    <ClCompile Include="TextureManager.cpp">
      <Filter>Source Files\Manager Classes</Filter>
    </ClCompile>
    <ClCompile Include="Item.cpp">
      <Filter>Source Files\Items</Filter>
    </ClCompile>
    <ClCompile Include="Projectile.cpp">
      <Filter>Source Files\Items</Filter>
    </ClCompile>
  </ItemGroup>
  <ItemGroup>
    <ClInclude Include="PCH.h">
      <Filter>Header Files</Filter>
    </ClInclude>
    <ClInclude Include="Game.h">
      <Filter>Header Files</Filter>
    </ClInclude>
    <ClInclude Include="Input.h">
      <Filter>Header Files</Filter>
    </ClInclude>
    <ClInclude Include="Level.h">
      <Filter>Header Files</Filter>
    </ClInclude>
    <ClInclude Include="Object.h">
      <Filter>Header Files</Filter>
    </ClInclude>
    <ClInclude Include="Enemy.h">
      <Filter>Header Files\Characters\Enemies</Filter>
    </ClInclude>
    <ClInclude Include="Humanoid.h">
      <Filter>Header Files\Characters\Enemies</Filter>
    </ClInclude>
    <ClInclude Include="Slime.h">
      <Filter>Header Files\Characters\Enemies</Filter>
    </ClInclude>
    <ClInclude Include="Player.h">
      <Filter>Header Files\Characters</Filter>
    </ClInclude>
    <ClInclude Include="Entity.h">
      <Filter>Header Files\Characters</Filter>
    </ClInclude>
    <ClInclude Include="Torch.h">
      <Filter>Header Files\Items\Environment</Filter>
    </ClInclude>
    <ClInclude Include="Gem.h">
      <Filter>Header Files\Items\Loot</Filter>
    </ClInclude>
    <ClInclude Include="Gold.h">
      <Filter>Header Files\Items\Loot</Filter>
    </ClInclude>
    <ClInclude Include="Heart.h">
      <Filter>Header Files\Items\Loot</Filter>
    </ClInclude>
    <ClInclude Include="Key.h">
      <Filter>Header Files\Items\Loot</Filter>
    </ClInclude>
    <ClInclude Include="Potion.h">
      <Filter>Header Files\Items\Loot</Filter>
    </ClInclude>
    <ClInclude Include="Item.h">
      <Filter>Header Files\Items</Filter>
    </ClInclude>
    <ClInclude Include="Projectile.h">
      <Filter>Header Files\Items</Filter>
    </ClInclude>
    <ClInclude Include="SoundBufferManager.h">
      <Filter>Header Files\Manager Classes</Filter>
    </ClInclude>
    <ClInclude Include="TextureManager.h">
      <Filter>Header Files\Manager Classes</Filter>
    </ClInclude>
    <ClInclude Include="Util.h">
      <Filter>Header Files\Utilities</Filter>
    </ClInclude>
  </ItemGroup>
</Project>